// !$*UTF8*$!
{
	archiveVersion = 1;
	classes = {
	};
	objectVersion = 46;
	objects = {

/* Begin PBXBuildFile section */
		7A35BD6F1DE1A8DC00814317 /* AppDelegate.m in Sources */ = {isa = PBXBuildFile; fileRef = 7A35BD6E1DE1A8DC00814317 /* AppDelegate.m */; };
		7A35BD721DE1A8DC00814317 /* main.m in Sources */ = {isa = PBXBuildFile; fileRef = 7A35BD711DE1A8DC00814317 /* main.m */; };
		7A35BD741DE1A8DC00814317 /* Assets.xcassets in Resources */ = {isa = PBXBuildFile; fileRef = 7A35BD731DE1A8DC00814317 /* Assets.xcassets */; };
		7A35BD771DE1A8DC00814317 /* MainMenu.xib in Resources */ = {isa = PBXBuildFile; fileRef = 7A35BD751DE1A8DC00814317 /* MainMenu.xib */; };
		7A35BD821DE1A8DC00814317 /* Neural_NetTests.m in Sources */ = {isa = PBXBuildFile; fileRef = 7A35BD811DE1A8DC00814317 /* Neural_NetTests.m */; };
		7A35BD8D1DE1A8DC00814317 /* Neural_NetUITests.m in Sources */ = {isa = PBXBuildFile; fileRef = 7A35BD8C1DE1A8DC00814317 /* Neural_NetUITests.m */; };
		7A35BDB41DE1AA5F00814317 /* Bitmap.cpp in Sources */ = {isa = PBXBuildFile; fileRef = 7A35BD9A1DE1AA5F00814317 /* Bitmap.cpp */; };
		7A35BDB51DE1AA5F00814317 /* Camera.cpp in Sources */ = {isa = PBXBuildFile; fileRef = 7A35BD9C1DE1AA5F00814317 /* Camera.cpp */; };
		7A35BDB61DE1AA5F00814317 /* Common.mm in Sources */ = {isa = PBXBuildFile; fileRef = 7A35BD9F1DE1AA5F00814317 /* Common.mm */; };
		7A35BDB71DE1AA5F00814317 /* DMEngine.cpp in Sources */ = {isa = PBXBuildFile; fileRef = 7A35BDA01DE1AA5F00814317 /* DMEngine.cpp */; };
		7A35BDB81DE1AA5F00814317 /* Mesh.cpp in Sources */ = {isa = PBXBuildFile; fileRef = 7A35BDA21DE1AA5F00814317 /* Mesh.cpp */; };
		7A35BDB91DE1AA5F00814317 /* MeshLoader.cpp in Sources */ = {isa = PBXBuildFile; fileRef = 7A35BDA51DE1AA5F00814317 /* MeshLoader.cpp */; };
		7A35BDBA1DE1AA5F00814317 /* ModelAsset.cpp in Sources */ = {isa = PBXBuildFile; fileRef = 7A35BDA71DE1AA5F00814317 /* ModelAsset.cpp */; };
		7A35BDBB1DE1AA5F00814317 /* Program.cpp in Sources */ = {isa = PBXBuildFile; fileRef = 7A35BDA91DE1AA5F00814317 /* Program.cpp */; };
		7A35BDBC1DE1AA5F00814317 /* SceneGraph.cpp in Sources */ = {isa = PBXBuildFile; fileRef = 7A35BDAB1DE1AA5F00814317 /* SceneGraph.cpp */; };
		7A35BDBD1DE1AA5F00814317 /* SceneNode.cpp in Sources */ = {isa = PBXBuildFile; fileRef = 7A35BDAD1DE1AA5F00814317 /* SceneNode.cpp */; };
		7A35BDBE1DE1AA5F00814317 /* Shader.cpp in Sources */ = {isa = PBXBuildFile; fileRef = 7A35BDAF1DE1AA5F00814317 /* Shader.cpp */; };
		7A35BDBF1DE1AA5F00814317 /* Texture.cpp in Sources */ = {isa = PBXBuildFile; fileRef = 7A35BDB21DE1AA5F00814317 /* Texture.cpp */; };
		7A35BDC21DE1AAA400814317 /* OpenGLView.mm in Sources */ = {isa = PBXBuildFile; fileRef = 7A35BDC11DE1AAA400814317 /* OpenGLView.mm */; };
		7A35BDC41DE1AB4100814317 /* glm in Resources */ = {isa = PBXBuildFile; fileRef = 7A35BDC31DE1AB4100814317 /* glm */; };
		7A35BDC71DE1ACBB00814317 /* Cocoa.framework in Frameworks */ = {isa = PBXBuildFile; fileRef = 7A35BDC61DE1ACBB00814317 /* Cocoa.framework */; };
		7A35BDC91DE1ACC200814317 /* OpenGL.framework in Frameworks */ = {isa = PBXBuildFile; fileRef = 7A35BDC81DE1ACC200814317 /* OpenGL.framework */; };
		7A35BDCB1DE1ACC700814317 /* IOKit.framework in Frameworks */ = {isa = PBXBuildFile; fileRef = 7A35BDCA1DE1ACC700814317 /* IOKit.framework */; };
		7A35BDCD1DE1ACD500814317 /* QuartzCore.framework in Frameworks */ = {isa = PBXBuildFile; fileRef = 7A35BDCC1DE1ACD500814317 /* QuartzCore.framework */; };
		7A35BDE01DE1B2B900814317 /* code in Resources */ = {isa = PBXBuildFile; fileRef = 7A35BDDF1DE1B2B900814317 /* code */; };
		7A35BDE21DE1B36200814317 /* libassimp.3.1.1.dylib in Frameworks */ = {isa = PBXBuildFile; fileRef = 7A35BDD01DE1AD2B00814317 /* libassimp.3.1.1.dylib */; };
		7A35BDE31DE1B36400814317 /* libassimp.3.1.1.dylib in Frameworks */ = {isa = PBXBuildFile; fileRef = 7A35BDD01DE1AD2B00814317 /* libassimp.3.1.1.dylib */; };
		7A35BDED1DE1B69500814317 /* libassimp.3.1.1.dylib in Frameworks */ = {isa = PBXBuildFile; fileRef = 7A35BDDC1DE1AED800814317 /* libassimp.3.1.1.dylib */; };
		7A35BDEE1DE1B69500814317 /* libassimp.3.1.1.dylib in Frameworks */ = {isa = PBXBuildFile; fileRef = 7A35BDDC1DE1AED800814317 /* libassimp.3.1.1.dylib */; };
		7A35BDEF1DE1B69500814317 /* libassimp.3.1.1.dylib in Frameworks */ = {isa = PBXBuildFile; fileRef = 7A35BDDC1DE1AED800814317 /* libassimp.3.1.1.dylib */; };
		7A35BE1B1DE1BE4D00814317 /* fragment-shader.fsh in Resources */ = {isa = PBXBuildFile; fileRef = 7A35BDF01DE1B9AB00814317 /* fragment-shader.fsh */; };
		7A35BE1C1DE1BE4D00814317 /* vertex-shader.vsh in Resources */ = {isa = PBXBuildFile; fileRef = 7A35BDF11DE1B9AB00814317 /* vertex-shader.vsh */; };
		7A35BE2F1DE1C58F00814317 /* level01groundside.jpg in Resources */ = {isa = PBXBuildFile; fileRef = 7A35BE2D1DE1C58F00814317 /* level01groundside.jpg */; };
		7A35BE301DE1C58F00814317 /* level01groundside.jpg in Resources */ = {isa = PBXBuildFile; fileRef = 7A35BE2D1DE1C58F00814317 /* level01groundside.jpg */; };
		7A35BE311DE1C58F00814317 /* level01groundside.jpg in Resources */ = {isa = PBXBuildFile; fileRef = 7A35BE2D1DE1C58F00814317 /* level01groundside.jpg */; };
		7A35BE321DE1C58F00814317 /* levelground01.FBX in Resources */ = {isa = PBXBuildFile; fileRef = 7A35BE2E1DE1C58F00814317 /* levelground01.FBX */; };
		7A35BE331DE1C58F00814317 /* levelground01.FBX in Resources */ = {isa = PBXBuildFile; fileRef = 7A35BE2E1DE1C58F00814317 /* levelground01.FBX */; };
		7A35BE341DE1C58F00814317 /* levelground01.FBX in Resources */ = {isa = PBXBuildFile; fileRef = 7A35BE2E1DE1C58F00814317 /* levelground01.FBX */; };
		7A35BE371DE1C70100814317 /* ViewController.m in Sources */ = {isa = PBXBuildFile; fileRef = 7A35BE361DE1C70100814317 /* ViewController.m */; };
		7A35BE381DE1C70100814317 /* ViewController.m in Sources */ = {isa = PBXBuildFile; fileRef = 7A35BE361DE1C70100814317 /* ViewController.m */; };
		7A35BE391DE1C70100814317 /* ViewController.m in Sources */ = {isa = PBXBuildFile; fileRef = 7A35BE361DE1C70100814317 /* ViewController.m */; };
		7A35BE3B1DE1CAA500814317 /* wooden-crate.jpg in Resources */ = {isa = PBXBuildFile; fileRef = 7A35BE3A1DE1CAA500814317 /* wooden-crate.jpg */; };
		7A35BE3C1DE1CAA500814317 /* wooden-crate.jpg in Resources */ = {isa = PBXBuildFile; fileRef = 7A35BE3A1DE1CAA500814317 /* wooden-crate.jpg */; };
		7A35BE3D1DE1CAA500814317 /* wooden-crate.jpg in Resources */ = {isa = PBXBuildFile; fileRef = 7A35BE3A1DE1CAA500814317 /* wooden-crate.jpg */; };
/* End PBXBuildFile section */

/* Begin PBXContainerItemProxy section */
		7A35BD7E1DE1A8DC00814317 /* PBXContainerItemProxy */ = {
			isa = PBXContainerItemProxy;
			containerPortal = 7A35BD621DE1A8DB00814317 /* Project object */;
			proxyType = 1;
			remoteGlobalIDString = 7A35BD691DE1A8DC00814317;
			remoteInfo = "Neural Net";
		};
		7A35BD891DE1A8DC00814317 /* PBXContainerItemProxy */ = {
			isa = PBXContainerItemProxy;
			containerPortal = 7A35BD621DE1A8DB00814317 /* Project object */;
			proxyType = 1;
			remoteGlobalIDString = 7A35BD691DE1A8DC00814317;
			remoteInfo = "Neural Net";
		};
/* End PBXContainerItemProxy section */

/* Begin PBXFileReference section */
		7A35BD6A1DE1A8DC00814317 /* Neural Net.app */ = {isa = PBXFileReference; explicitFileType = wrapper.application; includeInIndex = 0; path = "Neural Net.app"; sourceTree = BUILT_PRODUCTS_DIR; };
		7A35BD6D1DE1A8DC00814317 /* AppDelegate.h */ = {isa = PBXFileReference; lastKnownFileType = sourcecode.c.h; path = AppDelegate.h; sourceTree = "<group>"; };
		7A35BD6E1DE1A8DC00814317 /* AppDelegate.m */ = {isa = PBXFileReference; lastKnownFileType = sourcecode.c.objc; path = AppDelegate.m; sourceTree = "<group>"; };
		7A35BD711DE1A8DC00814317 /* main.m */ = {isa = PBXFileReference; lastKnownFileType = sourcecode.c.objc; path = main.m; sourceTree = "<group>"; };
		7A35BD731DE1A8DC00814317 /* Assets.xcassets */ = {isa = PBXFileReference; lastKnownFileType = folder.assetcatalog; path = Assets.xcassets; sourceTree = "<group>"; };
		7A35BD761DE1A8DC00814317 /* Base */ = {isa = PBXFileReference; lastKnownFileType = file.xib; name = Base; path = Base.lproj/MainMenu.xib; sourceTree = "<group>"; };
		7A35BD781DE1A8DC00814317 /* Info.plist */ = {isa = PBXFileReference; lastKnownFileType = text.plist.xml; path = Info.plist; sourceTree = "<group>"; };
		7A35BD7D1DE1A8DC00814317 /* Neural NetTests.xctest */ = {isa = PBXFileReference; explicitFileType = wrapper.cfbundle; includeInIndex = 0; path = "Neural NetTests.xctest"; sourceTree = BUILT_PRODUCTS_DIR; };
		7A35BD811DE1A8DC00814317 /* Neural_NetTests.m */ = {isa = PBXFileReference; lastKnownFileType = sourcecode.c.objc; path = Neural_NetTests.m; sourceTree = "<group>"; };
		7A35BD831DE1A8DC00814317 /* Info.plist */ = {isa = PBXFileReference; lastKnownFileType = text.plist.xml; path = Info.plist; sourceTree = "<group>"; };
		7A35BD881DE1A8DC00814317 /* Neural NetUITests.xctest */ = {isa = PBXFileReference; explicitFileType = wrapper.cfbundle; includeInIndex = 0; path = "Neural NetUITests.xctest"; sourceTree = BUILT_PRODUCTS_DIR; };
		7A35BD8C1DE1A8DC00814317 /* Neural_NetUITests.m */ = {isa = PBXFileReference; lastKnownFileType = sourcecode.c.objc; path = Neural_NetUITests.m; sourceTree = "<group>"; };
		7A35BD8E1DE1A8DC00814317 /* Info.plist */ = {isa = PBXFileReference; lastKnownFileType = text.plist.xml; path = Info.plist; sourceTree = "<group>"; };
		7A35BD9A1DE1AA5F00814317 /* Bitmap.cpp */ = {isa = PBXFileReference; fileEncoding = 4; lastKnownFileType = sourcecode.cpp.cpp; path = Bitmap.cpp; sourceTree = "<group>"; };
		7A35BD9B1DE1AA5F00814317 /* Bitmap.hpp */ = {isa = PBXFileReference; fileEncoding = 4; lastKnownFileType = sourcecode.cpp.h; path = Bitmap.hpp; sourceTree = "<group>"; };
		7A35BD9C1DE1AA5F00814317 /* Camera.cpp */ = {isa = PBXFileReference; fileEncoding = 4; lastKnownFileType = sourcecode.cpp.cpp; path = Camera.cpp; sourceTree = "<group>"; };
		7A35BD9D1DE1AA5F00814317 /* Camera.hpp */ = {isa = PBXFileReference; fileEncoding = 4; lastKnownFileType = sourcecode.cpp.h; path = Camera.hpp; sourceTree = "<group>"; };
		7A35BD9E1DE1AA5F00814317 /* Common.hpp */ = {isa = PBXFileReference; fileEncoding = 4; lastKnownFileType = sourcecode.cpp.h; path = Common.hpp; sourceTree = "<group>"; };
		7A35BD9F1DE1AA5F00814317 /* Common.mm */ = {isa = PBXFileReference; fileEncoding = 4; lastKnownFileType = sourcecode.cpp.objcpp; path = Common.mm; sourceTree = "<group>"; };
		7A35BDA01DE1AA5F00814317 /* DMEngine.cpp */ = {isa = PBXFileReference; fileEncoding = 4; lastKnownFileType = sourcecode.cpp.cpp; path = DMEngine.cpp; sourceTree = "<group>"; };
		7A35BDA11DE1AA5F00814317 /* DMEngine.hpp */ = {isa = PBXFileReference; fileEncoding = 4; lastKnownFileType = sourcecode.cpp.h; path = DMEngine.hpp; sourceTree = "<group>"; };
		7A35BDA21DE1AA5F00814317 /* Mesh.cpp */ = {isa = PBXFileReference; fileEncoding = 4; lastKnownFileType = sourcecode.cpp.cpp; path = Mesh.cpp; sourceTree = "<group>"; };
		7A35BDA31DE1AA5F00814317 /* Mesh.hpp */ = {isa = PBXFileReference; fileEncoding = 4; lastKnownFileType = sourcecode.cpp.h; path = Mesh.hpp; sourceTree = "<group>"; };
		7A35BDA41DE1AA5F00814317 /* MeshData.h */ = {isa = PBXFileReference; fileEncoding = 4; lastKnownFileType = sourcecode.c.h; path = MeshData.h; sourceTree = "<group>"; };
		7A35BDA51DE1AA5F00814317 /* MeshLoader.cpp */ = {isa = PBXFileReference; fileEncoding = 4; lastKnownFileType = sourcecode.cpp.cpp; name = MeshLoader.cpp; path = "Neural Net/MeshLoader.cpp"; sourceTree = SOURCE_ROOT; };
		7A35BDA61DE1AA5F00814317 /* MeshLoader.hpp */ = {isa = PBXFileReference; fileEncoding = 4; lastKnownFileType = sourcecode.cpp.h; path = MeshLoader.hpp; sourceTree = "<group>"; };
		7A35BDA71DE1AA5F00814317 /* ModelAsset.cpp */ = {isa = PBXFileReference; fileEncoding = 4; lastKnownFileType = sourcecode.cpp.cpp; path = ModelAsset.cpp; sourceTree = "<group>"; };
		7A35BDA81DE1AA5F00814317 /* ModelAsset.hpp */ = {isa = PBXFileReference; fileEncoding = 4; lastKnownFileType = sourcecode.cpp.h; path = ModelAsset.hpp; sourceTree = "<group>"; };
		7A35BDA91DE1AA5F00814317 /* Program.cpp */ = {isa = PBXFileReference; fileEncoding = 4; lastKnownFileType = sourcecode.cpp.cpp; path = Program.cpp; sourceTree = "<group>"; };
		7A35BDAA1DE1AA5F00814317 /* Program.hpp */ = {isa = PBXFileReference; fileEncoding = 4; lastKnownFileType = sourcecode.cpp.h; path = Program.hpp; sourceTree = "<group>"; };
		7A35BDAB1DE1AA5F00814317 /* SceneGraph.cpp */ = {isa = PBXFileReference; fileEncoding = 4; lastKnownFileType = sourcecode.cpp.cpp; path = SceneGraph.cpp; sourceTree = "<group>"; };
		7A35BDAC1DE1AA5F00814317 /* SceneGraph.hpp */ = {isa = PBXFileReference; fileEncoding = 4; lastKnownFileType = sourcecode.cpp.h; path = SceneGraph.hpp; sourceTree = "<group>"; };
		7A35BDAD1DE1AA5F00814317 /* SceneNode.cpp */ = {isa = PBXFileReference; fileEncoding = 4; lastKnownFileType = sourcecode.cpp.cpp; path = SceneNode.cpp; sourceTree = "<group>"; };
		7A35BDAE1DE1AA5F00814317 /* SceneNode.hpp */ = {isa = PBXFileReference; fileEncoding = 4; lastKnownFileType = sourcecode.cpp.h; path = SceneNode.hpp; sourceTree = "<group>"; };
		7A35BDAF1DE1AA5F00814317 /* Shader.cpp */ = {isa = PBXFileReference; fileEncoding = 4; lastKnownFileType = sourcecode.cpp.cpp; path = Shader.cpp; sourceTree = "<group>"; };
		7A35BDB01DE1AA5F00814317 /* Shader.hpp */ = {isa = PBXFileReference; fileEncoding = 4; lastKnownFileType = sourcecode.cpp.h; path = Shader.hpp; sourceTree = "<group>"; };
		7A35BDB11DE1AA5F00814317 /* stb_image.h */ = {isa = PBXFileReference; fileEncoding = 4; lastKnownFileType = sourcecode.c.h; path = stb_image.h; sourceTree = "<group>"; };
		7A35BDB21DE1AA5F00814317 /* Texture.cpp */ = {isa = PBXFileReference; fileEncoding = 4; lastKnownFileType = sourcecode.cpp.cpp; path = Texture.cpp; sourceTree = "<group>"; };
		7A35BDB31DE1AA5F00814317 /* Texture.hpp */ = {isa = PBXFileReference; fileEncoding = 4; lastKnownFileType = sourcecode.cpp.h; path = Texture.hpp; sourceTree = "<group>"; };
		7A35BDC01DE1AAA400814317 /* OpenGLView.h */ = {isa = PBXFileReference; fileEncoding = 4; lastKnownFileType = sourcecode.c.h; path = OpenGLView.h; sourceTree = "<group>"; };
		7A35BDC11DE1AAA400814317 /* OpenGLView.mm */ = {isa = PBXFileReference; fileEncoding = 4; lastKnownFileType = sourcecode.cpp.objcpp; path = OpenGLView.mm; sourceTree = "<group>"; };
		7A35BDC31DE1AB4100814317 /* glm */ = {isa = PBXFileReference; lastKnownFileType = folder; path = glm; sourceTree = "<group>"; };
		7A35BDC61DE1ACBB00814317 /* Cocoa.framework */ = {isa = PBXFileReference; lastKnownFileType = wrapper.framework; name = Cocoa.framework; path = System/Library/Frameworks/Cocoa.framework; sourceTree = SDKROOT; };
		7A35BDC81DE1ACC200814317 /* OpenGL.framework */ = {isa = PBXFileReference; lastKnownFileType = wrapper.framework; name = OpenGL.framework; path = System/Library/Frameworks/OpenGL.framework; sourceTree = SDKROOT; };
		7A35BDCA1DE1ACC700814317 /* IOKit.framework */ = {isa = PBXFileReference; lastKnownFileType = wrapper.framework; name = IOKit.framework; path = System/Library/Frameworks/IOKit.framework; sourceTree = SDKROOT; };
		7A35BDCC1DE1ACD500814317 /* QuartzCore.framework */ = {isa = PBXFileReference; lastKnownFileType = wrapper.framework; name = QuartzCore.framework; path = System/Library/Frameworks/QuartzCore.framework; sourceTree = SDKROOT; };
		7A35BDCE1DE1AD2B00814317 /* libassimp.3.1.1.dylib */ = {isa = PBXFileReference; lastKnownFileType = "compiled.mach-o.dylib"; name = libassimp.3.1.1.dylib; path = "Neural Net/libassimp.3.1.1.dylib"; sourceTree = "<group>"; };
		7A35BDCF1DE1AD2B00814317 /* libassimp.3.1.1.dylib */ = {isa = PBXFileReference; lastKnownFileType = "compiled.mach-o.dylib"; name = libassimp.3.1.1.dylib; path = "Neural Net/libassimp.3.1.1.dylib"; sourceTree = "<group>"; };
		7A35BDD01DE1AD2B00814317 /* libassimp.3.1.1.dylib */ = {isa = PBXFileReference; lastKnownFileType = "compiled.mach-o.dylib"; name = libassimp.3.1.1.dylib; path = "Neural Net/libassimp.3.1.1.dylib"; sourceTree = "<group>"; };
		7A35BDDC1DE1AED800814317 /* libassimp.3.1.1.dylib */ = {isa = PBXFileReference; lastKnownFileType = "compiled.mach-o.dylib"; name = libassimp.3.1.1.dylib; path = "../../../Downloads/assimp-3.1.1/build/code/libassimp.3.1.1.dylib"; sourceTree = "<group>"; };
		7A35BDDF1DE1B2B900814317 /* code */ = {isa = PBXFileReference; lastKnownFileType = folder; name = code; path = "../../../Downloads/assimp-3.1.1/build/code"; sourceTree = "<group>"; };
		7A35BDF01DE1B9AB00814317 /* fragment-shader.fsh */ = {isa = PBXFileReference; fileEncoding = 4; lastKnownFileType = sourcecode.glsl; name = "fragment-shader.fsh"; path = "../fragment-shader.fsh"; sourceTree = "<group>"; };
		7A35BDF11DE1B9AB00814317 /* vertex-shader.vsh */ = {isa = PBXFileReference; fileEncoding = 4; lastKnownFileType = sourcecode.glsl; name = "vertex-shader.vsh"; path = "../vertex-shader.vsh"; sourceTree = "<group>"; };
		7A35BE2D1DE1C58F00814317 /* level01groundside.jpg */ = {isa = PBXFileReference; lastKnownFileType = image.jpeg; path = level01groundside.jpg; sourceTree = "<group>"; };
		7A35BE2E1DE1C58F00814317 /* levelground01.FBX */ = {isa = PBXFileReference; lastKnownFileType = file; name = levelground01.FBX; path = "/Users/Death/Desktop/Code/Neural Net/Neural Net/levelground01.FBX"; sourceTree = "<absolute>"; };
		7A35BE351DE1C70100814317 /* ViewController.h */ = {isa = PBXFileReference; fileEncoding = 4; lastKnownFileType = sourcecode.c.h; path = ViewController.h; sourceTree = "<group>"; };
		7A35BE361DE1C70100814317 /* ViewController.m */ = {isa = PBXFileReference; fileEncoding = 4; lastKnownFileType = sourcecode.c.objc; path = ViewController.m; sourceTree = "<group>"; };
		7A35BE3A1DE1CAA500814317 /* wooden-crate.jpg */ = {isa = PBXFileReference; lastKnownFileType = image.jpeg; path = "wooden-crate.jpg"; sourceTree = "<group>"; };
		7A35BE3E1DE208A900814317 /* plane.3ds */ = {isa = PBXFileReference; lastKnownFileType = file; path = plane.3ds; sourceTree = "<group>"; };
/* End PBXFileReference section */

/* Begin PBXFrameworksBuildPhase section */
		7A35BD671DE1A8DC00814317 /* Frameworks */ = {
			isa = PBXFrameworksBuildPhase;
			buildActionMask = 2147483647;
			files = (
				7A35BDED1DE1B69500814317 /* libassimp.3.1.1.dylib in Frameworks */,
				7A35BDEE1DE1B69500814317 /* libassimp.3.1.1.dylib in Frameworks */,
				7A35BDEF1DE1B69500814317 /* libassimp.3.1.1.dylib in Frameworks */,
				7A35BDCD1DE1ACD500814317 /* QuartzCore.framework in Frameworks */,
				7A35BDCB1DE1ACC700814317 /* IOKit.framework in Frameworks */,
				7A35BDC91DE1ACC200814317 /* OpenGL.framework in Frameworks */,
				7A35BDC71DE1ACBB00814317 /* Cocoa.framework in Frameworks */,
			);
			runOnlyForDeploymentPostprocessing = 0;
		};
		7A35BD7A1DE1A8DC00814317 /* Frameworks */ = {
			isa = PBXFrameworksBuildPhase;
			buildActionMask = 2147483647;
			files = (
				7A35BDE21DE1B36200814317 /* libassimp.3.1.1.dylib in Frameworks */,
			);
			runOnlyForDeploymentPostprocessing = 0;
		};
		7A35BD851DE1A8DC00814317 /* Frameworks */ = {
			isa = PBXFrameworksBuildPhase;
			buildActionMask = 2147483647;
			files = (
				7A35BDE31DE1B36400814317 /* libassimp.3.1.1.dylib in Frameworks */,
			);
			runOnlyForDeploymentPostprocessing = 0;
		};
/* End PBXFrameworksBuildPhase section */

/* Begin PBXGroup section */
		7A35BD611DE1A8DB00814317 = {
			isa = PBXGroup;
			children = (
				7A35BDDF1DE1B2B900814317 /* code */,
				7A35BD6C1DE1A8DC00814317 /* Neural Net */,
				7A35BD801DE1A8DC00814317 /* Neural NetTests */,
				7A35BD8B1DE1A8DC00814317 /* Neural NetUITests */,
				7A35BD6B1DE1A8DC00814317 /* Products */,
				7A35BDC51DE1ACBB00814317 /* Frameworks */,
			);
			sourceTree = "<group>";
		};
		7A35BD6B1DE1A8DC00814317 /* Products */ = {
			isa = PBXGroup;
			children = (
				7A35BD6A1DE1A8DC00814317 /* Neural Net.app */,
				7A35BD7D1DE1A8DC00814317 /* Neural NetTests.xctest */,
				7A35BD881DE1A8DC00814317 /* Neural NetUITests.xctest */,
			);
			name = Products;
			sourceTree = "<group>";
		};
		7A35BD6C1DE1A8DC00814317 /* Neural Net */ = {
			isa = PBXGroup;
			children = (
				7A35BE351DE1C70100814317 /* ViewController.h */,
				7A35BE361DE1C70100814317 /* ViewController.m */,
				7A35BD6D1DE1A8DC00814317 /* AppDelegate.h */,
				7A35BD6E1DE1A8DC00814317 /* AppDelegate.m */,
				7A35BDC01DE1AAA400814317 /* OpenGLView.h */,
				7A35BDC11DE1AAA400814317 /* OpenGLView.mm */,
				7A35BD731DE1A8DC00814317 /* Assets.xcassets */,
				7A35BD751DE1A8DC00814317 /* MainMenu.xib */,
				7A35BDC31DE1AB4100814317 /* glm */,
				7A35BD9A1DE1AA5F00814317 /* Bitmap.cpp */,
				7A35BD9B1DE1AA5F00814317 /* Bitmap.hpp */,
				7A35BD9C1DE1AA5F00814317 /* Camera.cpp */,
				7A35BD9D1DE1AA5F00814317 /* Camera.hpp */,
				7A35BD9E1DE1AA5F00814317 /* Common.hpp */,
				7A35BD9F1DE1AA5F00814317 /* Common.mm */,
				7A35BDA01DE1AA5F00814317 /* DMEngine.cpp */,
				7A35BDA11DE1AA5F00814317 /* DMEngine.hpp */,
				7A35BDA21DE1AA5F00814317 /* Mesh.cpp */,
				7A35BDA31DE1AA5F00814317 /* Mesh.hpp */,
				7A35BDA41DE1AA5F00814317 /* MeshData.h */,
				7A35BDA51DE1AA5F00814317 /* MeshLoader.cpp */,
				7A35BDA61DE1AA5F00814317 /* MeshLoader.hpp */,
				7A35BDA71DE1AA5F00814317 /* ModelAsset.cpp */,
				7A35BDA81DE1AA5F00814317 /* ModelAsset.hpp */,
				7A35BDA91DE1AA5F00814317 /* Program.cpp */,
				7A35BDAA1DE1AA5F00814317 /* Program.hpp */,
				7A35BDAB1DE1AA5F00814317 /* SceneGraph.cpp */,
				7A35BDAC1DE1AA5F00814317 /* SceneGraph.hpp */,
				7A35BDAD1DE1AA5F00814317 /* SceneNode.cpp */,
				7A35BDAE1DE1AA5F00814317 /* SceneNode.hpp */,
				7A35BDAF1DE1AA5F00814317 /* Shader.cpp */,
				7A35BDB01DE1AA5F00814317 /* Shader.hpp */,
				7A35BDB11DE1AA5F00814317 /* stb_image.h */,
				7A35BDB21DE1AA5F00814317 /* Texture.cpp */,
				7A35BDB31DE1AA5F00814317 /* Texture.hpp */,
				7A35BD781DE1A8DC00814317 /* Info.plist */,
				7A35BD701DE1A8DC00814317 /* Supporting Files */,
			);
			path = "Neural Net";
			sourceTree = "<group>";
		};
		7A35BD701DE1A8DC00814317 /* Supporting Files */ = {
			isa = PBXGroup;
			children = (
				7A35BDF01DE1B9AB00814317 /* fragment-shader.fsh */,
				7A35BE3A1DE1CAA500814317 /* wooden-crate.jpg */,
				7A35BE2D1DE1C58F00814317 /* level01groundside.jpg */,
				7A35BE3E1DE208A900814317 /* plane.3ds */,
				7A35BE2E1DE1C58F00814317 /* levelground01.FBX */,
				7A35BDF11DE1B9AB00814317 /* vertex-shader.vsh */,
				7A35BD711DE1A8DC00814317 /* main.m */,
			);
			name = "Supporting Files";
			sourceTree = "<group>";
		};
		7A35BD801DE1A8DC00814317 /* Neural NetTests */ = {
			isa = PBXGroup;
			children = (
				7A35BD811DE1A8DC00814317 /* Neural_NetTests.m */,
				7A35BD831DE1A8DC00814317 /* Info.plist */,
			);
			path = "Neural NetTests";
			sourceTree = "<group>";
		};
		7A35BD8B1DE1A8DC00814317 /* Neural NetUITests */ = {
			isa = PBXGroup;
			children = (
				7A35BD8C1DE1A8DC00814317 /* Neural_NetUITests.m */,
				7A35BD8E1DE1A8DC00814317 /* Info.plist */,
			);
			path = "Neural NetUITests";
			sourceTree = "<group>";
		};
		7A35BDC51DE1ACBB00814317 /* Frameworks */ = {
			isa = PBXGroup;
			children = (
				7A35BDDC1DE1AED800814317 /* libassimp.3.1.1.dylib */,
				7A35BDCE1DE1AD2B00814317 /* libassimp.3.1.1.dylib */,
				7A35BDCF1DE1AD2B00814317 /* libassimp.3.1.1.dylib */,
				7A35BDD01DE1AD2B00814317 /* libassimp.3.1.1.dylib */,
				7A35BDCC1DE1ACD500814317 /* QuartzCore.framework */,
				7A35BDCA1DE1ACC700814317 /* IOKit.framework */,
				7A35BDC81DE1ACC200814317 /* OpenGL.framework */,
				7A35BDC61DE1ACBB00814317 /* Cocoa.framework */,
			);
			name = Frameworks;
			sourceTree = "<group>";
		};
/* End PBXGroup section */

/* Begin PBXNativeTarget section */
		7A35BD691DE1A8DC00814317 /* Neural Net */ = {
			isa = PBXNativeTarget;
			buildConfigurationList = 7A35BD911DE1A8DC00814317 /* Build configuration list for PBXNativeTarget "Neural Net" */;
			buildPhases = (
				7A35BD661DE1A8DC00814317 /* Sources */,
				7A35BD671DE1A8DC00814317 /* Frameworks */,
				7A35BD681DE1A8DC00814317 /* Resources */,
			);
			buildRules = (
			);
			dependencies = (
			);
			name = "Neural Net";
			productName = "Neural Net";
			productReference = 7A35BD6A1DE1A8DC00814317 /* Neural Net.app */;
			productType = "com.apple.product-type.application";
		};
		7A35BD7C1DE1A8DC00814317 /* Neural NetTests */ = {
			isa = PBXNativeTarget;
			buildConfigurationList = 7A35BD941DE1A8DC00814317 /* Build configuration list for PBXNativeTarget "Neural NetTests" */;
			buildPhases = (
				7A35BD791DE1A8DC00814317 /* Sources */,
				7A35BD7A1DE1A8DC00814317 /* Frameworks */,
				7A35BD7B1DE1A8DC00814317 /* Resources */,
			);
			buildRules = (
			);
			dependencies = (
				7A35BD7F1DE1A8DC00814317 /* PBXTargetDependency */,
			);
			name = "Neural NetTests";
			productName = "Neural NetTests";
			productReference = 7A35BD7D1DE1A8DC00814317 /* Neural NetTests.xctest */;
			productType = "com.apple.product-type.bundle.unit-test";
		};
		7A35BD871DE1A8DC00814317 /* Neural NetUITests */ = {
			isa = PBXNativeTarget;
			buildConfigurationList = 7A35BD971DE1A8DC00814317 /* Build configuration list for PBXNativeTarget "Neural NetUITests" */;
			buildPhases = (
				7A35BD841DE1A8DC00814317 /* Sources */,
				7A35BD851DE1A8DC00814317 /* Frameworks */,
				7A35BD861DE1A8DC00814317 /* Resources */,
			);
			buildRules = (
			);
			dependencies = (
				7A35BD8A1DE1A8DC00814317 /* PBXTargetDependency */,
			);
			name = "Neural NetUITests";
			productName = "Neural NetUITests";
			productReference = 7A35BD881DE1A8DC00814317 /* Neural NetUITests.xctest */;
			productType = "com.apple.product-type.bundle.ui-testing";
		};
/* End PBXNativeTarget section */

/* Begin PBXProject section */
		7A35BD621DE1A8DB00814317 /* Project object */ = {
			isa = PBXProject;
			attributes = {
				LastUpgradeCheck = 0810;
				ORGANIZATIONNAME = "Attila Varga";
				TargetAttributes = {
					7A35BD691DE1A8DC00814317 = {
						CreatedOnToolsVersion = 8.1;
						DevelopmentTeam = 694F87T4JZ;
						ProvisioningStyle = Automatic;
					};
					7A35BD7C1DE1A8DC00814317 = {
						CreatedOnToolsVersion = 8.1;
						DevelopmentTeam = 694F87T4JZ;
						ProvisioningStyle = Automatic;
						TestTargetID = 7A35BD691DE1A8DC00814317;
					};
					7A35BD871DE1A8DC00814317 = {
						CreatedOnToolsVersion = 8.1;
						DevelopmentTeam = 694F87T4JZ;
						ProvisioningStyle = Automatic;
						TestTargetID = 7A35BD691DE1A8DC00814317;
					};
				};
			};
			buildConfigurationList = 7A35BD651DE1A8DB00814317 /* Build configuration list for PBXProject "Neural Net" */;
			compatibilityVersion = "Xcode 3.2";
			developmentRegion = English;
			hasScannedForEncodings = 0;
			knownRegions = (
				en,
				Base,
			);
			mainGroup = 7A35BD611DE1A8DB00814317;
			productRefGroup = 7A35BD6B1DE1A8DC00814317 /* Products */;
			projectDirPath = "";
			projectRoot = "";
			targets = (
				7A35BD691DE1A8DC00814317 /* Neural Net */,
				7A35BD7C1DE1A8DC00814317 /* Neural NetTests */,
				7A35BD871DE1A8DC00814317 /* Neural NetUITests */,
			);
		};
/* End PBXProject section */

/* Begin PBXResourcesBuildPhase section */
		7A35BD681DE1A8DC00814317 /* Resources */ = {
			isa = PBXResourcesBuildPhase;
			buildActionMask = 2147483647;
			files = (
				7A35BDC41DE1AB4100814317 /* glm in Resources */,
				7A35BD741DE1A8DC00814317 /* Assets.xcassets in Resources */,
				7A35BE1C1DE1BE4D00814317 /* vertex-shader.vsh in Resources */,
				7A35BE1B1DE1BE4D00814317 /* fragment-shader.fsh in Resources */,
				7A35BE3B1DE1CAA500814317 /* wooden-crate.jpg in Resources */,
				7A35BE2F1DE1C58F00814317 /* level01groundside.jpg in Resources */,
				7A35BD771DE1A8DC00814317 /* MainMenu.xib in Resources */,
				7A35BDE01DE1B2B900814317 /* code in Resources */,
				7A35BE321DE1C58F00814317 /* levelground01.FBX in Resources */,
			);
			runOnlyForDeploymentPostprocessing = 0;
		};
		7A35BD7B1DE1A8DC00814317 /* Resources */ = {
			isa = PBXResourcesBuildPhase;
			buildActionMask = 2147483647;
			files = (
				7A35BE301DE1C58F00814317 /* level01groundside.jpg in Resources */,
				7A35BE3C1DE1CAA500814317 /* wooden-crate.jpg in Resources */,
				7A35BE331DE1C58F00814317 /* levelground01.FBX in Resources */,
			);
			runOnlyForDeploymentPostprocessing = 0;
		};
		7A35BD861DE1A8DC00814317 /* Resources */ = {
			isa = PBXResourcesBuildPhase;
			buildActionMask = 2147483647;
			files = (
				7A35BE311DE1C58F00814317 /* level01groundside.jpg in Resources */,
				7A35BE3D1DE1CAA500814317 /* wooden-crate.jpg in Resources */,
				7A35BE341DE1C58F00814317 /* levelground01.FBX in Resources */,
			);
			runOnlyForDeploymentPostprocessing = 0;
		};
/* End PBXResourcesBuildPhase section */

/* Begin PBXSourcesBuildPhase section */
		7A35BD661DE1A8DC00814317 /* Sources */ = {
			isa = PBXSourcesBuildPhase;
			buildActionMask = 2147483647;
			files = (
				7A35BDBE1DE1AA5F00814317 /* Shader.cpp in Sources */,
				7A35BDBF1DE1AA5F00814317 /* Texture.cpp in Sources */,
				7A35BDBB1DE1AA5F00814317 /* Program.cpp in Sources */,
				7A35BDB51DE1AA5F00814317 /* Camera.cpp in Sources */,
				7A35BDB61DE1AA5F00814317 /* Common.mm in Sources */,
				7A35BDB71DE1AA5F00814317 /* DMEngine.cpp in Sources */,
				7A35BDB91DE1AA5F00814317 /* MeshLoader.cpp in Sources */,
				7A35BDB81DE1AA5F00814317 /* Mesh.cpp in Sources */,
				7A35BDBD1DE1AA5F00814317 /* SceneNode.cpp in Sources */,
				7A35BDBC1DE1AA5F00814317 /* SceneGraph.cpp in Sources */,
				7A35BE371DE1C70100814317 /* ViewController.m in Sources */,
				7A35BD721DE1A8DC00814317 /* main.m in Sources */,
				7A35BD6F1DE1A8DC00814317 /* AppDelegate.m in Sources */,
				7A35BDC21DE1AAA400814317 /* OpenGLView.mm in Sources */,
				7A35BDBA1DE1AA5F00814317 /* ModelAsset.cpp in Sources */,
				7A35BDB41DE1AA5F00814317 /* Bitmap.cpp in Sources */,
			);
			runOnlyForDeploymentPostprocessing = 0;
		};
		7A35BD791DE1A8DC00814317 /* Sources */ = {
			isa = PBXSourcesBuildPhase;
			buildActionMask = 2147483647;
			files = (
				7A35BE381DE1C70100814317 /* ViewController.m in Sources */,
				7A35BD821DE1A8DC00814317 /* Neural_NetTests.m in Sources */,
			);
			runOnlyForDeploymentPostprocessing = 0;
		};
		7A35BD841DE1A8DC00814317 /* Sources */ = {
			isa = PBXSourcesBuildPhase;
			buildActionMask = 2147483647;
			files = (
				7A35BE391DE1C70100814317 /* ViewController.m in Sources */,
				7A35BD8D1DE1A8DC00814317 /* Neural_NetUITests.m in Sources */,
			);
			runOnlyForDeploymentPostprocessing = 0;
		};
/* End PBXSourcesBuildPhase section */

/* Begin PBXTargetDependency section */
		7A35BD7F1DE1A8DC00814317 /* PBXTargetDependency */ = {
			isa = PBXTargetDependency;
			target = 7A35BD691DE1A8DC00814317 /* Neural Net */;
			targetProxy = 7A35BD7E1DE1A8DC00814317 /* PBXContainerItemProxy */;
		};
		7A35BD8A1DE1A8DC00814317 /* PBXTargetDependency */ = {
			isa = PBXTargetDependency;
			target = 7A35BD691DE1A8DC00814317 /* Neural Net */;
			targetProxy = 7A35BD891DE1A8DC00814317 /* PBXContainerItemProxy */;
		};
/* End PBXTargetDependency section */

/* Begin PBXVariantGroup section */
		7A35BD751DE1A8DC00814317 /* MainMenu.xib */ = {
			isa = PBXVariantGroup;
			children = (
				7A35BD761DE1A8DC00814317 /* Base */,
			);
			name = MainMenu.xib;
			sourceTree = "<group>";
		};
/* End PBXVariantGroup section */

/* Begin XCBuildConfiguration section */
		7A35BD8F1DE1A8DC00814317 /* Debug */ = {
			isa = XCBuildConfiguration;
			buildSettings = {
				ALWAYS_SEARCH_USER_PATHS = YES;
				CLANG_ANALYZER_NONNULL = YES;
				CLANG_CXX_LANGUAGE_STANDARD = "gnu++0x";
				CLANG_CXX_LIBRARY = "libc++";
				CLANG_ENABLE_MODULES = YES;
				CLANG_ENABLE_OBJC_ARC = YES;
				CLANG_WARN_BOOL_CONVERSION = YES;
				CLANG_WARN_CONSTANT_CONVERSION = YES;
				CLANG_WARN_DIRECT_OBJC_ISA_USAGE = YES_ERROR;
				CLANG_WARN_DOCUMENTATION_COMMENTS = YES;
				CLANG_WARN_EMPTY_BODY = YES;
				CLANG_WARN_ENUM_CONVERSION = YES;
				CLANG_WARN_INFINITE_RECURSION = YES;
				CLANG_WARN_INT_CONVERSION = YES;
				CLANG_WARN_OBJC_ROOT_CLASS = YES_ERROR;
				CLANG_WARN_SUSPICIOUS_MOVES = YES;
				CLANG_WARN_UNREACHABLE_CODE = YES;
				CLANG_WARN__DUPLICATE_METHOD_MATCH = YES;
				CODE_SIGN_IDENTITY = "-";
				COPY_PHASE_STRIP = NO;
				DEBUG_INFORMATION_FORMAT = dwarf;
				ENABLE_STRICT_OBJC_MSGSEND = YES;
				ENABLE_TESTABILITY = YES;
				GCC_C_LANGUAGE_STANDARD = gnu99;
				GCC_DYNAMIC_NO_PIC = NO;
				GCC_NO_COMMON_BLOCKS = YES;
				GCC_OPTIMIZATION_LEVEL = 0;
				GCC_PREPROCESSOR_DEFINITIONS = (
					"DEBUG=1",
					"$(inherited)",
				);
				GCC_WARN_64_TO_32_BIT_CONVERSION = YES;
				GCC_WARN_ABOUT_RETURN_TYPE = YES_ERROR;
				GCC_WARN_UNDECLARED_SELECTOR = YES;
				GCC_WARN_UNINITIALIZED_AUTOS = YES_AGGRESSIVE;
				GCC_WARN_UNUSED_FUNCTION = YES;
				GCC_WARN_UNUSED_VARIABLE = YES;
				HEADER_SEARCH_PATHS = (
					"<Multiple",
					"values>",
					"/Users/Death/Downloads/assimp-3.1.1/include/",
				);
				"HEADER_SEARCH_PATHS[arch=*]" = "/Users/Death/Downloads/assimp-3.1.1/include/";
				LIBRARY_SEARCH_PATHS = "/Users/Death/Downloads/assimp-3.1.1/build/code/";
				"LIBRARY_SEARCH_PATHS[arch=*]" = "/Users/Death/Downloads/assimp-3.1.1/build/code/";
				MACOSX_DEPLOYMENT_TARGET = 10.12;
				MTL_ENABLE_DEBUG_INFO = YES;
				ONLY_ACTIVE_ARCH = YES;
				SDKROOT = macosx;
			};
			name = Debug;
		};
		7A35BD901DE1A8DC00814317 /* Release */ = {
			isa = XCBuildConfiguration;
			buildSettings = {
				ALWAYS_SEARCH_USER_PATHS = YES;
				CLANG_ANALYZER_NONNULL = YES;
				CLANG_CXX_LANGUAGE_STANDARD = "gnu++0x";
				CLANG_CXX_LIBRARY = "libc++";
				CLANG_ENABLE_MODULES = YES;
				CLANG_ENABLE_OBJC_ARC = YES;
				CLANG_WARN_BOOL_CONVERSION = YES;
				CLANG_WARN_CONSTANT_CONVERSION = YES;
				CLANG_WARN_DIRECT_OBJC_ISA_USAGE = YES_ERROR;
				CLANG_WARN_DOCUMENTATION_COMMENTS = YES;
				CLANG_WARN_EMPTY_BODY = YES;
				CLANG_WARN_ENUM_CONVERSION = YES;
				CLANG_WARN_INFINITE_RECURSION = YES;
				CLANG_WARN_INT_CONVERSION = YES;
				CLANG_WARN_OBJC_ROOT_CLASS = YES_ERROR;
				CLANG_WARN_SUSPICIOUS_MOVES = YES;
				CLANG_WARN_UNREACHABLE_CODE = YES;
				CLANG_WARN__DUPLICATE_METHOD_MATCH = YES;
				CODE_SIGN_IDENTITY = "-";
				COPY_PHASE_STRIP = NO;
				DEBUG_INFORMATION_FORMAT = "dwarf-with-dsym";
				ENABLE_NS_ASSERTIONS = NO;
				ENABLE_STRICT_OBJC_MSGSEND = YES;
				GCC_C_LANGUAGE_STANDARD = gnu99;
				GCC_NO_COMMON_BLOCKS = YES;
				GCC_WARN_64_TO_32_BIT_CONVERSION = YES;
				GCC_WARN_ABOUT_RETURN_TYPE = YES_ERROR;
				GCC_WARN_UNDECLARED_SELECTOR = YES;
				GCC_WARN_UNINITIALIZED_AUTOS = YES_AGGRESSIVE;
				GCC_WARN_UNUSED_FUNCTION = YES;
				GCC_WARN_UNUSED_VARIABLE = YES;
				HEADER_SEARCH_PATHS = (
					"<Multiple",
					"values>",
					"/Users/Death/Downloads/assimp-3.1.1/include/",
				);
				MACOSX_DEPLOYMENT_TARGET = 10.12;
				MTL_ENABLE_DEBUG_INFO = NO;
				SDKROOT = macosx;
			};
			name = Release;
		};
		7A35BD921DE1A8DC00814317 /* Debug */ = {
			isa = XCBuildConfiguration;
			buildSettings = {
				ASSETCATALOG_COMPILER_APPICON_NAME = AppIcon;
				CODE_SIGN_IDENTITY = "Mac Developer";
				COMBINE_HIDPI_IMAGES = YES;
				DEVELOPMENT_TEAM = 694F87T4JZ;
				HEADER_SEARCH_PATHS = (
					"<Multiple",
					"values>",
					"/Users/Death/Downloads/assimp-3.1.1/include/",
				);
				"HEADER_SEARCH_PATHS[arch=*]" = "/Users/Death/Downloads/assimp-3.1.1/include/";
				INFOPLIST_FILE = "Neural Net/Info.plist";
				LD_RUNPATH_SEARCH_PATHS = "$(inherited) @executable_path/../Frameworks";
				LIBRARY_SEARCH_PATHS = "/Users/Death/Downloads/assimp-3.1.1/build/code/";
				"LIBRARY_SEARCH_PATHS[arch=*]" = "/Users/Death/Downloads/assimp-3.1.1/build/code/";
				"OTHER_LDFLAGS[arch=*]" = "";
				PRODUCT_BUNDLE_IDENTIFIER = "com.digitalmessiah.com.Neural-Net";
				PRODUCT_NAME = "$(TARGET_NAME)";
			};
			name = Debug;
		};
		7A35BD931DE1A8DC00814317 /* Release */ = {
			isa = XCBuildConfiguration;
			buildSettings = {
				ASSETCATALOG_COMPILER_APPICON_NAME = AppIcon;
				CODE_SIGN_IDENTITY = "Mac Developer";
				COMBINE_HIDPI_IMAGES = YES;
				DEVELOPMENT_TEAM = 694F87T4JZ;
				HEADER_SEARCH_PATHS = (
					"<Multiple",
					"values>",
					"/Users/Death/Downloads/assimp-3.1.1/include/",
				);
				INFOPLIST_FILE = "Neural Net/Info.plist";
				LD_RUNPATH_SEARCH_PATHS = "$(inherited) @executable_path/../Frameworks";
				LIBRARY_SEARCH_PATHS = "";
				PRODUCT_BUNDLE_IDENTIFIER = "com.digitalmessiah.com.Neural-Net";
				PRODUCT_NAME = "$(TARGET_NAME)";
			};
			name = Release;
		};
		7A35BD951DE1A8DC00814317 /* Debug */ = {
			isa = XCBuildConfiguration;
			buildSettings = {
				BUNDLE_LOADER = "$(TEST_HOST)";
				COMBINE_HIDPI_IMAGES = YES;
				DEVELOPMENT_TEAM = 694F87T4JZ;
				INFOPLIST_FILE = "Neural NetTests/Info.plist";
				LD_RUNPATH_SEARCH_PATHS = "$(inherited) @executable_path/../Frameworks @loader_path/../Frameworks";
				LIBRARY_SEARCH_PATHS = (
					"$(inherited)",
					"$(PROJECT_DIR)/Neural\\ Net",
				);
				PRODUCT_BUNDLE_IDENTIFIER = "com.digitalmessiah.com.Neural-NetTests";
				PRODUCT_NAME = "$(TARGET_NAME)";
				TEST_HOST = "$(BUILT_PRODUCTS_DIR)/Neural Net.app/Contents/MacOS/Neural Net";
			};
			name = Debug;
		};
		7A35BD961DE1A8DC00814317 /* Release */ = {
			isa = XCBuildConfiguration;
			buildSettings = {
				BUNDLE_LOADER = "$(TEST_HOST)";
				COMBINE_HIDPI_IMAGES = YES;
				DEVELOPMENT_TEAM = 694F87T4JZ;
				INFOPLIST_FILE = "Neural NetTests/Info.plist";
				LD_RUNPATH_SEARCH_PATHS = "$(inherited) @executable_path/../Frameworks @loader_path/../Frameworks";
				LIBRARY_SEARCH_PATHS = (
					"$(inherited)",
					"$(PROJECT_DIR)/Neural\\ Net",
				);
				PRODUCT_BUNDLE_IDENTIFIER = "com.digitalmessiah.com.Neural-NetTests";
				PRODUCT_NAME = "$(TARGET_NAME)";
				TEST_HOST = "$(BUILT_PRODUCTS_DIR)/Neural Net.app/Contents/MacOS/Neural Net";
			};
			name = Release;
		};
		7A35BD981DE1A8DC00814317 /* Debug */ = {
			isa = XCBuildConfiguration;
			buildSettings = {
				COMBINE_HIDPI_IMAGES = YES;
				DEVELOPMENT_TEAM = 694F87T4JZ;
				INFOPLIST_FILE = "Neural NetUITests/Info.plist";
				LD_RUNPATH_SEARCH_PATHS = "$(inherited) @executable_path/../Frameworks @loader_path/../Frameworks";
				LIBRARY_SEARCH_PATHS = (
					"$(inherited)",
					"$(PROJECT_DIR)/Neural\\ Net",
				);
				PRODUCT_BUNDLE_IDENTIFIER = "com.digitalmessiah.com.Neural-NetUITests";
				PRODUCT_NAME = "$(TARGET_NAME)";
				TEST_TARGET_NAME = "Neural Net";
			};
			name = Debug;
		};
		7A35BD991DE1A8DC00814317 /* Release */ = {
			isa = XCBuildConfiguration;
			buildSettings = {
				COMBINE_HIDPI_IMAGES = YES;
				DEVELOPMENT_TEAM = 694F87T4JZ;
				INFOPLIST_FILE = "Neural NetUITests/Info.plist";
				LD_RUNPATH_SEARCH_PATHS = "$(inherited) @executable_path/../Frameworks @loader_path/../Frameworks";
				LIBRARY_SEARCH_PATHS = (
					"$(inherited)",
					"$(PROJECT_DIR)/Neural\\ Net",
				);
				PRODUCT_BUNDLE_IDENTIFIER = "com.digitalmessiah.com.Neural-NetUITests";
				PRODUCT_NAME = "$(TARGET_NAME)";
				TEST_TARGET_NAME = "Neural Net";
			};
			name = Release;
		};
/* End XCBuildConfiguration section */

/* Begin XCConfigurationList section */
		7A35BD651DE1A8DB00814317 /* Build configuration list for PBXProject "Neural Net" */ = {
			isa = XCConfigurationList;
			buildConfigurations = (
				7A35BD8F1DE1A8DC00814317 /* Debug */,
				7A35BD901DE1A8DC00814317 /* Release */,
			);
			defaultConfigurationIsVisible = 0;
			defaultConfigurationName = Release;
		};
		7A35BD911DE1A8DC00814317 /* Build configuration list for PBXNativeTarget "Neural Net" */ = {
			isa = XCConfigurationList;
			buildConfigurations = (
				7A35BD921DE1A8DC00814317 /* Debug */,
				7A35BD931DE1A8DC00814317 /* Release */,
			);
			defaultConfigurationIsVisible = 0;
		};
		7A35BD941DE1A8DC00814317 /* Build configuration list for PBXNativeTarget "Neural NetTests" */ = {
			isa = XCConfigurationList;
			buildConfigurations = (
				7A35BD951DE1A8DC00814317 /* Debug */,
				7A35BD961DE1A8DC00814317 /* Release */,
			);
			defaultConfigurationIsVisible = 0;
		};
		7A35BD971DE1A8DC00814317 /* Build configuration list for PBXNativeTarget "Neural NetUITests" */ = {
			isa = XCConfigurationList;
			buildConfigurations = (
				7A35BD981DE1A8DC00814317 /* Debug */,
				7A35BD991DE1A8DC00814317 /* Release */,
			);
			defaultConfigurationIsVisible = 0;
		};
/* End XCConfigurationList section */
	};
	rootObject = 7A35BD621DE1A8DB00814317 /* Project object */;
}
